{
  "version": 4,
  "terraform_version": "1.3.7",
  "serial": 52,
  "lineage": "29944ce0-007b-df6c-aa56-5373236a56e2",
  "outputs": {},
  "resources": [
    {
      "mode": "data",
      "type": "azurerm_client_config",
      "name": "current",
      "provider": "provider[\"registry.terraform.io/hashicorp/azurerm\"]",
      "instances": [
        {
          "schema_version": 0,
          "attributes": {
            "client_id": "04b07795-8ddb-461a-bbee-02f9e1bf7b46",
            "id": "Y2xpZW50Q29uZmlncy9jbGllbnRJZD0wNGIwNzc5NS04ZGRiLTQ2MWEtYmJlZS0wMmY5ZTFiZjdiNDY7b2JqZWN0SWQ9MTFjYzI5YTgtYTQ4ZS00OGEyLWJjNzYtNzc4OTY3OWU1MDFiO3N1YnNjcmlwdGlvbklkPTk4MmMxMmY4LTI2ZGYtNDc0Yi04NmMxLWMzNTYyYjY5NzIwYjt0ZW5hbnRJZD03ZmJlNDk4Yy1lNTQwLTQ1NTYtYjE5OC03YjJlMTZiZmY5YjA=",
            "object_id": "11cc29a8-a48e-48a2-bc76-7789679e501b",
            "subscription_id": "982c12f8-26df-474b-86c1-c3562b69720b",
            "tenant_id": "7fbe498c-e540-4556-b198-7b2e16bff9b0",
            "timeouts": null
          },
          "sensitive_attributes": []
        }
      ]
    },
    {
      "module": "module.key-vault",
      "mode": "managed",
      "type": "azurerm_key_vault",
      "name": "key-vault",
      "provider": "provider[\"registry.terraform.io/hashicorp/azurerm\"]",
      "instances": [
        {
          "status": "tainted",
          "schema_version": 2,
          "attributes": {
            "access_policy": [
              {
                "application_id": "",
                "certificate_permissions": null,
                "key_permissions": [
                  "Get",
                  "Create",
                  "Delete",
                  "Import",
                  "List",
                  "Purge",
                  "Update",
                  "Recover"
                ],
                "object_id": "11cc29a8-a48e-48a2-bc76-7789679e501b",
                "secret_permissions": [
                  "Set",
                  "Get",
                  "Delete",
                  "List",
                  "Purge",
                  "Recover"
                ],
                "storage_permissions": null,
                "tenant_id": "7fbe498c-e540-4556-b198-7b2e16bff9b0"
              }
            ],
            "contact": [],
            "enable_rbac_authorization": null,
            "enabled_for_deployment": null,
            "enabled_for_disk_encryption": null,
            "enabled_for_template_deployment": null,
            "id": "/subscriptions/982c12f8-26df-474b-86c1-c3562b69720b/resourceGroups/azrgwebshop/providers/Microsoft.KeyVault/vaults/azkvwebshop",
            "location": "eastus",
            "name": "azkvwebshop",
            "network_acls": null,
            "public_network_access_enabled": true,
            "purge_protection_enabled": null,
            "resource_group_name": "azrgwebshop",
            "sku_name": "standard",
            "soft_delete_retention_days": 7,
            "tags": {
              "Owner": "Camilo",
              "Proyect": "WebShop"
            },
            "tenant_id": "7fbe498c-e540-4556-b198-7b2e16bff9b0",
            "timeouts": null,
            "vault_uri": null
          },
          "sensitive_attributes": [],
          "private": "eyJlMmJmYjczMC1lY2FhLTExZTYtOGY4OC0zNDM2M2JjN2M0YzAiOnsiY3JlYXRlIjoxODAwMDAwMDAwMDAwLCJkZWxldGUiOjE4MDAwMDAwMDAwMDAsInJlYWQiOjMwMDAwMDAwMDAwMCwidXBkYXRlIjoxODAwMDAwMDAwMDAwfSwic2NoZW1hX3ZlcnNpb24iOiIyIn0=",
          "dependencies": [
            "data.azurerm_client_config.current",
            "module.resource-group.azurerm_resource_group.resource_group",
            "module.storage-account.azurerm_storage_account.storage-account"
          ]
        }
      ]
    },
    {
      "module": "module.key-vault",
      "mode": "managed",
      "type": "azurerm_key_vault_secret",
      "name": "key-vault-secret",
      "provider": "provider[\"registry.terraform.io/hashicorp/azurerm\"]",
      "instances": []
    },
    {
      "module": "module.resource-group",
      "mode": "managed",
      "type": "azurerm_resource_group",
      "name": "resource_group",
      "provider": "provider[\"registry.terraform.io/hashicorp/azurerm\"]",
      "instances": [
        {
          "schema_version": 0,
          "attributes": {
            "id": "/subscriptions/982c12f8-26df-474b-86c1-c3562b69720b/resourceGroups/azrgwebshop",
            "location": "eastus",
            "name": "azrgwebshop",
            "tags": {
              "Owner": "Camilo",
              "Proyect": "WebShop"
            },
            "timeouts": null
          },
          "sensitive_attributes": [],
          "private": "eyJlMmJmYjczMC1lY2FhLTExZTYtOGY4OC0zNDM2M2JjN2M0YzAiOnsiY3JlYXRlIjo1NDAwMDAwMDAwMDAwLCJkZWxldGUiOjU0MDAwMDAwMDAwMDAsInJlYWQiOjMwMDAwMDAwMDAwMCwidXBkYXRlIjo1NDAwMDAwMDAwMDAwfX0="
        }
      ]
    },
    {
      "module": "module.storage-account",
      "mode": "managed",
      "type": "azurerm_storage_account",
      "name": "storage-account",
      "provider": "provider[\"registry.terraform.io/hashicorp/azurerm\"]",
      "instances": [
        {
          "schema_version": 3,
          "attributes": {
            "access_tier": "",
            "account_kind": "Storage",
            "account_replication_type": "LRS",
            "account_tier": "Standard",
            "allow_nested_items_to_be_public": true,
            "allowed_copy_scope": "",
            "azure_files_authentication": [],
            "blob_properties": [
              {
                "change_feed_enabled": false,
                "change_feed_retention_in_days": 0,
                "container_delete_retention_policy": [],
                "cors_rule": [],
                "default_service_version": "",
                "delete_retention_policy": [],
                "last_access_time_enabled": false,
                "restore_policy": [],
                "versioning_enabled": false
              }
            ],
            "cross_tenant_replication_enabled": true,
            "custom_domain": [],
            "customer_managed_key": [],
            "default_to_oauth_authentication": false,
            "edge_zone": "",
            "enable_https_traffic_only": true,
            "id": "/subscriptions/982c12f8-26df-474b-86c1-c3562b69720b/resourceGroups/azrgwebshop/providers/Microsoft.Storage/storageAccounts/azsawebshop",
            "identity": [],
            "immutability_policy": [],
            "infrastructure_encryption_enabled": false,
            "is_hns_enabled": false,
            "large_file_share_enabled": null,
            "location": "eastus",
            "min_tls_version": "TLS1_2",
            "name": "azsawebshop",
            "network_rules": [
              {
                "bypass": [
                  "AzureServices"
                ],
                "default_action": "Allow",
                "ip_rules": [],
                "private_link_access": [],
                "virtual_network_subnet_ids": []
              }
            ],
            "nfsv3_enabled": false,
            "primary_access_key": "5iN6Ca9WISeTDgUZWp90ei7BOLfINXvvPO1l2pKMFgIXH50LEjlLo3s6UKDRwZaM4dKkGgqB08FO+AStx7O65Q==",
            "primary_blob_connection_string": "DefaultEndpointsProtocol=https;BlobEndpoint=https://azsawebshop.blob.core.windows.net/;AccountName=azsawebshop;AccountKey=5iN6Ca9WISeTDgUZWp90ei7BOLfINXvvPO1l2pKMFgIXH50LEjlLo3s6UKDRwZaM4dKkGgqB08FO+AStx7O65Q==",
            "primary_blob_endpoint": "https://azsawebshop.blob.core.windows.net/",
            "primary_blob_host": "azsawebshop.blob.core.windows.net",
            "primary_connection_string": "DefaultEndpointsProtocol=https;AccountName=azsawebshop;AccountKey=5iN6Ca9WISeTDgUZWp90ei7BOLfINXvvPO1l2pKMFgIXH50LEjlLo3s6UKDRwZaM4dKkGgqB08FO+AStx7O65Q==;EndpointSuffix=core.windows.net",
            "primary_dfs_endpoint": "",
            "primary_dfs_host": "",
            "primary_file_endpoint": "https://azsawebshop.file.core.windows.net/",
            "primary_file_host": "azsawebshop.file.core.windows.net",
            "primary_location": "eastus",
            "primary_queue_endpoint": "https://azsawebshop.queue.core.windows.net/",
            "primary_queue_host": "azsawebshop.queue.core.windows.net",
            "primary_table_endpoint": "https://azsawebshop.table.core.windows.net/",
            "primary_table_host": "azsawebshop.table.core.windows.net",
            "primary_web_endpoint": "",
            "primary_web_host": "",
            "public_network_access_enabled": true,
            "queue_encryption_key_type": "Service",
            "queue_properties": null,
            "resource_group_name": "azrgwebshop",
            "routing": [],
            "sas_policy": [],
            "secondary_access_key": "mJfFqfqf90631Rls6n5WRo8DaUgRlIw5rhZ1CRmmMoTjmkGmMMHEBb+kERDBU+gMIHmnEZrhRyvF+AStDtQIAQ==",
            "secondary_blob_connection_string": "",
            "secondary_blob_endpoint": null,
            "secondary_blob_host": null,
            "secondary_connection_string": "DefaultEndpointsProtocol=https;AccountName=azsawebshop;AccountKey=mJfFqfqf90631Rls6n5WRo8DaUgRlIw5rhZ1CRmmMoTjmkGmMMHEBb+kERDBU+gMIHmnEZrhRyvF+AStDtQIAQ==;EndpointSuffix=core.windows.net",
            "secondary_dfs_endpoint": null,
            "secondary_dfs_host": null,
            "secondary_file_endpoint": null,
            "secondary_file_host": null,
            "secondary_location": "",
            "secondary_queue_endpoint": null,
            "secondary_queue_host": null,
            "secondary_table_endpoint": null,
            "secondary_table_host": null,
            "secondary_web_endpoint": null,
            "secondary_web_host": null,
            "sftp_enabled": false,
            "share_properties": null,
            "shared_access_key_enabled": true,
            "static_website": [],
            "table_encryption_key_type": "Service",
            "tags": {
              "Owner": "Camilo",
              "Proyect": "WebShop"
            },
            "timeouts": null
          },
          "sensitive_attributes": [],
          "private": "eyJlMmJmYjczMC1lY2FhLTExZTYtOGY4OC0zNDM2M2JjN2M0YzAiOnsiY3JlYXRlIjozNjAwMDAwMDAwMDAwLCJkZWxldGUiOjM2MDAwMDAwMDAwMDAsInJlYWQiOjMwMDAwMDAwMDAwMCwidXBkYXRlIjozNjAwMDAwMDAwMDAwfSwic2NoZW1hX3ZlcnNpb24iOiIzIn0=",
          "dependencies": [
            "module.resource-group.azurerm_resource_group.resource_group"
          ]
        }
      ]
    }
  ],
  "check_results": null
}
